// !$*UTF8*$!
{
	archiveVersion = 1;
	classes = {
	};
	objectVersion = 77;
	objects = {

/* Begin PBXContainerItemProxy section */
		3BA8D24C2F61B64C00ABE14A /* PBXContainerItemProxy */ = {
			isa = PBXContainerItemProxy;
			containerPortal = 3BA8D2362F61B64A00ABE14A /* Project object */;
			proxyType = 1;
			remoteGlobalIDString = 3BA8D23D2F61B64A00ABE14A;
			remoteInfo = AutoClicker;
		};
		3BA8D2562F61B64C00ABE14A /* PBXContainerItemProxy */ = {
			isa = PBXContainerItemProxy;
			containerPortal = 3BA8D2362F61B64A00ABE14A /* Project object */;
			proxyType = 1;
			remoteGlobalIDString = 3BA8D23D2F61B64A00ABE14A;
			remoteInfo = AutoClicker;
		};
/* End PBXContainerItemProxy section */

/* Begin PBXFileReference section */
		3BA8D23E2F61B64A00ABE14A /* AutoClicker.app */ = {isa = PBXFileReference; explicitFileType = wrapper.application; includeInIndex = 0; path = AutoClicker.app; sourceTree = BUILT_PRODUCTS_DIR; };
		3BA8D24B2F61B64C00ABE14A /* AutoClickerTests.xctest */ = {isa = PBXFileReference; explicitFileType = wrapper.cfbundle; includeInIndex = 0; path = AutoClickerTests.xctest; sourceTree = BUILT_PRODUCTS_DIR; };
		3BA8D2552F61B64C00ABE14A /* AutoClickerUITests.xctest */ = {isa = PBXFileReference; explicitFileType = wrapper.cfbundle; includeInIndex = 0; path = AutoClickerUITests.xctest; sourceTree = BUILT_PRODUCTS_DIR; };
/* End PBXFileReference section */

/* Begin PBXFileSystemSynchronizedRootGroup section */
		3BA8D2402F61B64A00ABE14A /* AutoClicker */ = {
			isa = PBXFileSystemSynchronizedRootGroup;
			path = AutoClicker;
			sourceTree = "<group>";
		};
		3BA8D24E2F61B64C00ABE14A /* AutoClickerTests */ = {
			isa = PBXFileSystemSynchronizedRootGroup;
			path = AutoClickerTests;
			sourceTree = "<group>";
		};
		3BA8D2582F61B64C00ABE14A /* AutoClickerUITests */ = {
			isa = PBXFileSystemSynchronizedRootGroup;
			path = AutoClickerUITests;
			sourceTree = "<group>";
		};
/* End PBXFileSystemSynchronizedRootGroup section */

/* Begin PBXFrameworksBuildPhase section */
		3BA8D23B2F61B64A00ABE14A /* Frameworks */ = {
			isa = PBXFrameworksBuildPhase;
			buildActionMask = 2147483647;
			files = (
			);
			runOnlyForDeploymentPostprocessing = 0;
		};
		3BA8D2482F61B64C00ABE14A /* Frameworks */ = {
			isa = PBXFrameworksBuildPhase;
			buildActionMask = 2147483647;
			files = (
			);
			runOnlyForDeploymentPostprocessing = 0;
		};
		3BA8D2522F61B64C00ABE14A /* Frameworks */ = {
			isa = PBXFrameworksBuildPhase;
			buildActionMask = 2147483647;
			files = (
			);
			runOnlyForDeploymentPostprocessing = 0;
		};
/* End PBXFrameworksBuildPhase section */

/* Begin PBXGroup section */
		3BA8D2352F61B64A00ABE14A = {
			isa = PBXGroup;
			children = (
				3BA8D2402F61B64A00ABE14A /* AutoClicker */,
				3BA8D24E2F61B64C00ABE14A /* AutoClickerTests */,
				3BA8D2582F61B64C00ABE14A /* AutoClickerUITests */,
				3BA8D23F2F61B64A00ABE14A /* Products */,
			);
			sourceTree = "<group>";
		};
		3BA8D23F2F61B64A00ABE14A /* Products */ = {
			isa = PBXGroup;
			children = (
				3BA8D23E2F61B64A00ABE14A /* AutoClicker.app */,
				3BA8D24B2F61B64C00ABE14A /* AutoClickerTests.xctest */,
				3BA8D2552F61B64C00ABE14A /* AutoClickerUITests.xctest */,
			);
			name = Products;
			sourceTree = "<group>";
		};
/* End PBXGroup section */

/* Begin PBXNativeTarget section */
		3BA8D23D2F61B64A00ABE14A /* AutoClicker */ = {
			isa = PBXNativeTarget;
			buildConfigurationList = 3BA8D25F2F61B64C00ABE14A /* Build configuration list for PBXNativeTarget "AutoClicker" */;
			buildPhases = (
				3BA8D23A2F61B64A00ABE14A /* Sources */,
				3BA8D23B2F61B64A00ABE14A /* Frameworks */,
				3BA8D23C2F61B64A00ABE14A /* Resources */,
			);
			buildRules = (
			);
			dependencies = (
			);
			fileSystemSynchronizedGroups = (
				3BA8D2402F61B64A00ABE14A /* AutoClicker */,
			);
			name = AutoClicker;
			packageProductDependencies = (
			);
			productName = AutoClicker;
			productReference = 3BA8D23E2F61B64A00ABE14A /* AutoClicker.app */;
			productType = "com.apple.product-type.application";
		};
		3BA8D24A2F61B64C00ABE14A /* AutoClickerTests */ = {
			isa = PBXNativeTarget;
			buildConfigurationList = 3BA8D2622F61B64C00ABE14A /* Build configuration list for PBXNativeTarget "AutoClickerTests" */;
			buildPhases = (
				3BA8D2472F61B64C00ABE14A /* Sources */,
				3BA8D2482F61B64C00ABE14A /* Frameworks */,
				3BA8D2492F61B64C00ABE14A /* Resources */,
			);
			buildRules = (
			);
			dependencies = (
				3BA8D24D2F61B64C00ABE14A /* PBXTargetDependency */,
			);
			fileSystemSynchronizedGroups = (
				3BA8D24E2F61B64C00ABE14A /* AutoClickerTests */,
			);
			name = AutoClickerTests;
			packageProductDependencies = (
			);
			productName = AutoClickerTests;
			productReference = 3BA8D24B2F61B64C00ABE14A /* AutoClickerTests.xctest */;
			productType = "com.apple.product-type.bundle.unit-test";
		};
		3BA8D2542F61B64C00ABE14A /* AutoClickerUITests */ = {
			isa = PBXNativeTarget;
			buildConfigurationList = 3BA8D2652F61B64C00ABE14A /* Build configuration list for PBXNativeTarget "AutoClickerUITests" */;
			buildPhases = (
				3BA8D2512F61B64C00ABE14A /* Sources */,
				3BA8D2522F61B64C00ABE14A /* Frameworks */,
				3BA8D2532F61B64C00ABE14A /* Resources */,
			);
			buildRules = (
			);
			dependencies = (
				3BA8D2572F61B64C00ABE14A /* PBXTargetDependency */,
			);
			fileSystemSynchronizedGroups = (
				3BA8D2582F61B64C00ABE14A /* AutoClickerUITests */,
			);
			name = AutoClickerUITests;
			packageProductDependencies = (
			);
			productName = AutoClickerUITests;
			productReference = 3BA8D2552F61B64C00ABE14A /* AutoClickerUITests.xctest */;
			productType = "com.apple.product-type.bundle.ui-testing";
		};
/* End PBXNativeTarget section */

/* Begin PBXProject section */
		3BA8D2362F61B64A00ABE14A /* Project object */ = {
			isa = PBXProject;
			attributes = {
				BuildIndependentTargetsInParallel = 1;
				LastSwiftUpdateCheck = 2630;
				LastUpgradeCheck = 2630;
				TargetAttributes = {
					3BA8D23D2F61B64A00ABE14A = {
						CreatedOnToolsVersion = 26.3;
					};
					3BA8D24A2F61B64C00ABE14A = {
						CreatedOnToolsVersion = 26.3;
						TestTargetID = 3BA8D23D2F61B64A00ABE14A;
					};
					3BA8D2542F61B64C00ABE14A = {
						CreatedOnToolsVersion = 26.3;
						TestTargetID = 3BA8D23D2F61B64A00ABE14A;
					};
				};
			};
			buildConfigurationList = 3BA8D2392F61B64A00ABE14A /* Build configuration list for PBXProject "AutoClicker" */;
			developmentRegion = en;
			hasScannedForEncodings = 0;
			knownRegions = (
				en,
				Base,
			);
			mainGroup = 3BA8D2352F61B64A00ABE14A;
			minimizedProjectReferenceProxies = 1;
			preferredProjectObjectVersion = 77;
			productRefGroup = 3BA8D23F2F61B64A00ABE14A /* Products */;
			projectDirPath = "";
			projectRoot = "";
			targets = (
				3BA8D23D2F61B64A00ABE14A /* AutoClicker */,
				3BA8D24A2F61B64C00ABE14A /* AutoClickerTests */,
				3BA8D2542F61B64C00ABE14A /* AutoClickerUITests */,
			);
		};
/* End PBXProject section */

/* Begin PBXResourcesBuildPhase section */
		3BA8D23C2F61B64A00ABE14A /* Resources */ = {
			isa = PBXResourcesBuildPhase;
			buildActionMask = 2147483647;
			files = (
			);
			runOnlyForDeploymentPostprocessing = 0;
		};
		3BA8D2492F61B64C00ABE14A /* Resources */ = {
			isa = PBXResourcesBuildPhase;
			buildActionMask = 2147483647;
			files = (
			);
			runOnlyForDeploymentPostprocessing = 0;
		};
		3BA8D2532F61B64C00ABE14A /* Resources */ = {
			isa = PBXResourcesBuildPhase;
			buildActionMask = 2147483647;
			files = (
			);
			runOnlyForDeploymentPostprocessing = 0;
		};
/* End PBXResourcesBuildPhase section */

/* Begin PBXSourcesBuildPhase section */
		3BA8D23A2F61B64A00ABE14A /* Sources */ = {
			isa = PBXSourcesBuildPhase;
			buildActionMask = 2147483647;
			files = (
			);
			runOnlyForDeploymentPostprocessing = 0;
		};
		3BA8D2472F61B64C00ABE14A /* Sources */ = {
			isa = PBXSourcesBuildPhase;
			buildActionMask = 2147483647;
			files = (
			);
			runOnlyForDeploymentPostprocessing = 0;
		};
		3BA8D2512F61B64C00ABE14A /* Sources */ = {
			isa = PBXSourcesBuildPhase;
			buildActionMask = 2147483647;
			files = (
			);
			runOnlyForDeploymentPostprocessing = 0;
		};
/* End PBXSourcesBuildPhase section */

/* Begin PBXTargetDependency section */
		3BA8D24D2F61B64C00ABE14A /* PBXTargetDependency */ = {
			isa = PBXTargetDependency;
			target = 3BA8D23D2F61B64A00ABE14A /* AutoClicker */;
			targetProxy = 3BA8D24C2F61B64C00ABE14A /* PBXContainerItemProxy */;
		};
		3BA8D2572F61B64C00ABE14A /* PBXTargetDependency */ = {
			isa = PBXTargetDependency;
			target = 3BA8D23D2F61B64A00ABE14A /* AutoClicker */;
			targetProxy = 3BA8D2562F61B64C00ABE14A /* PBXContainerItemProxy */;
		};
/* End PBXTargetDependency section */

/* Begin XCBuildConfiguration section */
		3BA8D25D2F61B64C00ABE14A /* Debug */ = {
			isa = XCBuildConfiguration;
			buildSettings = {
				ALWAYS_SEARCH_USER_PATHS = NO;
				ASSETCATALOG_COMPILER_GENERATE_SWIFT_ASSET_SYMBOL_EXTENSIONS = YES;
				CLANG_ANALYZER_NONNULL = YES;
				CLANG_ANALYZER_NUMBER_OBJECT_CONVERSION = YES_AGGRESSIVE;
				CLANG_CXX_LANGUAGE_STANDARD = "gnu++20";
				CLANG_ENABLE_MODULES = YES;
				CLANG_ENABLE_OBJC_ARC = YES;
				CLANG_ENABLE_OBJC_WEAK = YES;
				CLANG_WARN_BLOCK_CAPTURE_AUTORELEASING = YES;
				CLANG_WARN_BOOL_CONVERSION = YES;
				CLANG_WARN_COMMA = YES;
				CLANG_WARN_CONSTANT_CONVERSION = YES;
				CLANG_WARN_DEPRECATED_OBJC_IMPLEMENTATIONS = YES;
				CLANG_WARN_DIRECT_OBJC_ISA_USAGE = YES_ERROR;
				CLANG_WARN_DOCUMENTATION_COMMENTS = YES;
				CLANG_WARN_EMPTY_BODY = YES;
				CLANG_WARN_ENUM_CONVERSION = YES;
				CLANG_WARN_INFINITE_RECURSION = YES;
				CLANG_WARN_INT_CONVERSION = YES;
				CLANG_WARN_NON_LITERAL_NULL_CONVERSION = YES;
				CLANG_WARN_OBJC_IMPLICIT_RETAIN_SELF = YES;
				CLANG_WARN_OBJC_LITERAL_CONVERSION = YES;
				CLANG_WARN_OBJC_ROOT_CLASS = YES_ERROR;
				CLANG_WARN_QUOTED_INCLUDE_IN_FRAMEWORK_HEADER = YES;
				CLANG_WARN_RANGE_LOOP_ANALYSIS = YES;
				CLANG_WARN_STRICT_PROTOTYPES = YES;
				CLANG_WARN_SUSPICIOUS_MOVE = YES;
				CLANG_WARN_UNGUARDED_AVAILABILITY = YES_AGGRESSIVE;
				CLANG_WARN_UNREACHABLE_CODE = YES;
				CLANG_WARN__DUPLICATE_METHOD_MATCH = YES;
				COPY_PHASE_STRIP = NO;
				DEBUG_INFORMATION_FORMAT = dwarf;
				ENABLE_STRICT_OBJC_MSGSEND = YES;
				ENABLE_TESTABILITY = YES;
				ENABLE_USER_SCRIPT_SANDBOXING = YES;
				GCC_C_LANGUAGE_STANDARD = gnu17;
				GCC_DYNAMIC_NO_PIC = NO;
				GCC_NO_COMMON_BLOCKS = YES;
				GCC_OPTIMIZATION_LEVEL = 0;
				GCC_PREPROCESSOR_DEFINITIONS = (
					"DEBUG=1",
					"$(inherited)",
				);
				GCC_WARN_64_TO_32_BIT_CONVERSION = YES;
				GCC_WARN_ABOUT_RETURN_TYPE = YES_ERROR;
				GCC_WARN_UNDECLARED_SELECTOR = YES;
				GCC_WARN_UNINITIALIZED_AUTOS = YES_AGGRESSIVE;
				GCC_WARN_UNUSED_FUNCTION = YES;
				GCC_WARN_UNUSED_VARIABLE = YES;
				LOCALIZATION_PREFERS_STRING_CATALOGS = YES;
				MACOSX_DEPLOYMENT_TARGET = 14.0;
				MTL_ENABLE_DEBUG_INFO = INCLUDE_SOURCE;
				MTL_FAST_MATH = YES;
				ONLY_ACTIVE_ARCH = YES;
				SDKROOT = macosx;
				SWIFT_ACTIVE_COMPILATION_CONDITIONS = "DEBUG $(inherited)";
				SWIFT_OPTIMIZATION_LEVEL = "-Onone";
			};
			name = Debug;
		};
		3BA8D25E2F61B64C00ABE14A /* Release */ = {
			isa = XCBuildConfiguration;
			buildSettings = {
				ALWAYS_SEARCH_USER_PATHS = NO;
				ASSETCATALOG_COMPILER_GENERATE_SWIFT_ASSET_SYMBOL_EXTENSIONS = YES;
				CLANG_ANALYZER_NONNULL = YES;
				CLANG_ANALYZER_NUMBER_OBJECT_CONVERSION = YES_AGGRESSIVE;
				CLANG_CXX_LANGUAGE_STANDARD = "gnu++20";
				CLANG_ENABLE_MODULES = YES;
				CLANG_ENABLE_OBJC_ARC = YES;
				CLANG_ENABLE_OBJC_WEAK = YES;
				CLANG_WARN_BLOCK_CAPTURE_AUTORELEASING = YES;
				CLANG_WARN_BOOL_CONVERSION = YES;
				CLANG_WARN_COMMA = YES;
				CLANG_WARN_CONSTANT_CONVERSION = YES;
				CLANG_WARN_DEPRECATED_OBJC_IMPLEMENTATIONS = YES;
				CLANG_WARN_DIRECT_OBJC_ISA_USAGE = YES_ERROR;
				CLANG_WARN_DOCUMENTATION_COMMENTS = YES;
				CLANG_WARN_EMPTY_BODY = YES;
				CLANG_WARN_ENUM_CONVERSION = YES;
				CLANG_WARN_INFINITE_RECURSION = YES;
				CLANG_WARN_INT_CONVERSION = YES;
				CLANG_WARN_NON_LITERAL_NULL_CONVERSION = YES;
				CLANG_WARN_OBJC_IMPLICIT_RETAIN_SELF = YES;
				CLANG_WARN_OBJC_LITERAL_CONVERSION = YES;
				CLANG_WARN_OBJC_ROOT_CLASS = YES_ERROR;
				CLANG_WARN_QUOTED_INCLUDE_IN_FRAMEWORK_HEADER = YES;
				CLANG_WARN_RANGE_LOOP_ANALYSIS = YES;
				CLANG_WARN_STRICT_PROTOTYPES = YES;
				CLANG_WARN_SUSPICIOUS_MOVE = YES;
				CLANG_WARN_UNGUARDED_AVAILABILITY = YES_AGGRESSIVE;
				CLANG_WARN_UNREACHABLE_CODE = YES;
				CLANG_WARN__DUPLICATE_METHOD_MATCH = YES;
				COPY_PHASE_STRIP = NO;
				DEBUG_INFORMATION_FORMAT = "dwarf-with-dsym";
				ENABLE_NS_ASSERTIONS = NO;
				ENABLE_STRICT_OBJC_MSGSEND = YES;
				ENABLE_USER_SCRIPT_SANDBOXING = YES;
				GCC_C_LANGUAGE_STANDARD = gnu17;
				GCC_NO_COMMON_BLOCKS = YES;
				GCC_WARN_64_TO_32_BIT_CONVERSION = YES;
				GCC_WARN_ABOUT_RETURN_TYPE = YES_ERROR;
				GCC_WARN_UNDECLARED_SELECTOR = YES;
				GCC_WARN_UNINITIALIZED_AUTOS = YES_AGGRESSIVE;
				GCC_WARN_UNUSED_FUNCTION = YES;
				GCC_WARN_UNUSED_VARIABLE = YES;
				LOCALIZATION_PREFERS_STRING_CATALOGS = YES;
				MACOSX_DEPLOYMENT_TARGET = 14.0;
				MTL_ENABLE_DEBUG_INFO = NO;
				MTL_FAST_MATH = YES;
				SDKROOT = macosx;
				SWIFT_COMPILATION_MODE = wholemodule;
			};
			name = Release;
		};
		3BA8D2602F61B64C00ABE14A /* Debug */ = {
			isa = XCBuildConfiguration;
			buildSettings = {
				ASSETCATALOG_COMPILER_APPICON_NAME = AppIcon;
				ASSETCATALOG_COMPILER_GLOBAL_ACCENT_COLOR_NAME = AccentColor;
				CODE_SIGN_ENTITLEMENTS = AutoClicker/AutoClicker.entitlements;
				CODE_SIGN_STYLE = Automatic;
				COMBINE_HIDPI_IMAGES = YES;
				CURRENT_PROJECT_VERSION = 1;
				ENABLE_APP_SANDBOX = NO;
				ENABLE_HARDENED_RUNTIME = NO;
				ENABLE_PREVIEWS = YES;
				ENABLE_USER_SELECTED_FILES = readonly;
				GENERATE_INFOPLIST_FILE = YES;
				INFOPLIST_KEY_NSAccessibilityUsageDescription = "AutoClicker needs accessibility permissions to simulate mouse clicks and listen for global hotkeys.";
				INFOPLIST_KEY_NSHumanReadableCopyright = "";
				LD_RUNPATH_SEARCH_PATHS = (
					"$(inherited)",
					"@executable_path/../Frameworks",
				);
				MARKETING_VERSION = 1.0;
				PRODUCT_BUNDLE_IDENTIFIER = com.autoclicker.macos;
				PRODUCT_NAME = "$(TARGET_NAME)";
				REGISTER_APP_GROUPS = YES;
				STRING_CATALOG_GENERATE_SYMBOLS = YES;
				SWIFT_APPROACHABLE_CONCURRENCY = YES;
				SWIFT_DEFAULT_ACTOR_ISOLATION = MainActor;
				SWIFT_EMIT_LOC_STRINGS = YES;
				SWIFT_UPCOMING_FEATURE_MEMBER_IMPORT_VISIBILITY = YES;
				SWIFT_VERSION = 5.0;
			};
			name = Debug;
		};
		3BA8D2612F61B64C00ABE14A /* Release */ = {
			isa = XCBuildConfiguration;
			buildSettings = {
				ASSETCATALOG_COMPILER_APPICON_NAME = AppIcon;
				ASSETCATALOG_COMPILER_GLOBAL_ACCENT_COLOR_NAME = AccentColor;
				CODE_SIGN_ENTITLEMENTS = AutoClicker/AutoClicker.entitlements;
				CODE_SIGN_STYLE = Automatic;
				COMBINE_HIDPI_IMAGES = YES;
				CURRENT_PROJECT_VERSION = 1;
				ENABLE_APP_SANDBOX = NO;
				ENABLE_HARDENED_RUNTIME = NO;
				ENABLE_PREVIEWS = YES;
				ENABLE_USER_SELECTED_FILES = readonly;
				GENERATE_INFOPLIST_FILE = YES;
				INFOPLIST_KEY_NSAccessibilityUsageDescription = "AutoClicker needs accessibility permissions to simulate mouse clicks and listen for global hotkeys.";
				INFOPLIST_KEY_NSHumanReadableCopyright = "";
				LD_RUNPATH_SEARCH_PATHS = (
					"$(inherited)",
					"@executable_path/../Frameworks",
				);
				MARKETING_VERSION = 1.0;
				PRODUCT_BUNDLE_IDENTIFIER = com.autoclicker.macos;
				PRODUCT_NAME = "$(TARGET_NAME)";
				REGISTER_APP_GROUPS = YES;
				STRING_CATALOG_GENERATE_SYMBOLS = YES;
				SWIFT_APPROACHABLE_CONCURRENCY = YES;
				SWIFT_DEFAULT_ACTOR_ISOLATION = MainActor;
				SWIFT_EMIT_LOC_STRINGS = YES;
				SWIFT_UPCOMING_FEATURE_MEMBER_IMPORT_VISIBILITY = YES;
				SWIFT_VERSION = 5.0;
			};
			name = Release;
		};
		3BA8D2632F61B64C00ABE14A /* Debug */ = {
			isa = XCBuildConfiguration;
			buildSettings = {
				BUNDLE_LOADER = "$(TEST_HOST)";
				CODE_SIGN_STYLE = Automatic;
				CURRENT_PROJECT_VERSION = 1;
				GENERATE_INFOPLIST_FILE = YES;
				MACOSX_DEPLOYMENT_TARGET = 14.0;
				MARKETING_VERSION = 1.0;
				PRODUCT_BUNDLE_IDENTIFIER = "-9sm.AutoClickerTests";
				PRODUCT_NAME = "$(TARGET_NAME)";
				STRING_CATALOG_GENERATE_SYMBOLS = NO;
				SWIFT_APPROACHABLE_CONCURRENCY = YES;
				SWIFT_EMIT_LOC_STRINGS = NO;
				SWIFT_UPCOMING_FEATURE_MEMBER_IMPORT_VISIBILITY = YES;
				SWIFT_VERSION = 5.0;
				TEST_HOST = "$(BUILT_PRODUCTS_DIR)/AutoClicker.app/$(BUNDLE_EXECUTABLE_FOLDER_PATH)/AutoClicker";
			};
			name = Debug;
		};
		3BA8D2642F61B64C00ABE14A /* Release */ = {
			isa = XCBuildConfiguration;
			buildSettings = {
				BUNDLE_LOADER = "$(TEST_HOST)";
				CODE_SIGN_STYLE = Automatic;
				CURRENT_PROJECT_VERSION = 1;
				GENERATE_INFOPLIST_FILE = YES;
				MACOSX_DEPLOYMENT_TARGET = 14.0;
				MARKETING_VERSION = 1.0;
				PRODUCT_BUNDLE_IDENTIFIER = "-9sm.AutoClickerTests";
				PRODUCT_NAME = "$(TARGET_NAME)";
				STRING_CATALOG_GENERATE_SYMBOLS = NO;
				SWIFT_APPROACHABLE_CONCURRENCY = YES;
				SWIFT_EMIT_LOC_STRINGS = NO;
				SWIFT_UPCOMING_FEATURE_MEMBER_IMPORT_VISIBILITY = YES;
				SWIFT_VERSION = 5.0;
				TEST_HOST = "$(BUILT_PRODUCTS_DIR)/AutoClicker.app/$(BUNDLE_EXECUTABLE_FOLDER_PATH)/AutoClicker";
			};
			name = Release;
		};
		3BA8D2662F61B64C00ABE14A /* Debug */ = {
			isa = XCBuildConfiguration;
			buildSettings = {
				CODE_SIGN_STYLE = Automatic;
				CURRENT_PROJECT_VERSION = 1;
				GENERATE_INFOPLIST_FILE = YES;
				MARKETING_VERSION = 1.0;
				PRODUCT_BUNDLE_IDENTIFIER = "-9sm.AutoClickerUITests";
				PRODUCT_NAME = "$(TARGET_NAME)";
				STRING_CATALOG_GENERATE_SYMBOLS = NO;
				SWIFT_APPROACHABLE_CONCURRENCY = YES;
				SWIFT_EMIT_LOC_STRINGS = NO;
				SWIFT_UPCOMING_FEATURE_MEMBER_IMPORT_VISIBILITY = YES;
				SWIFT_VERSION = 5.0;
				TEST_TARGET_NAME = AutoClicker;
			};
			name = Debug;
		};
		3BA8D2672F61B64C00ABE14A /* Release */ = {
			isa = XCBuildConfiguration;
			buildSettings = {
				CODE_SIGN_STYLE = Automatic;
				CURRENT_PROJECT_VERSION = 1;
				GENERATE_INFOPLIST_FILE = YES;
				MARKETING_VERSION = 1.0;
				PRODUCT_BUNDLE_IDENTIFIER = "-9sm.AutoClickerUITests";
				PRODUCT_NAME = "$(TARGET_NAME)";
				STRING_CATALOG_GENERATE_SYMBOLS = NO;
				SWIFT_APPROACHABLE_CONCURRENCY = YES;
				SWIFT_EMIT_LOC_STRINGS = NO;
				SWIFT_UPCOMING_FEATURE_MEMBER_IMPORT_VISIBILITY = YES;
				SWIFT_VERSION = 5.0;
				TEST_TARGET_NAME = AutoClicker;
			};
			name = Release;
		};
/* End XCBuildConfiguration section */

/* Begin XCConfigurationList section */
		3BA8D2392F61B64A00ABE14A /* Build configuration list for PBXProject "AutoClicker" */ = {
			isa = XCConfigurationList;
			buildConfigurations = (
				3BA8D25D2F61B64C00ABE14A /* Debug */,
				3BA8D25E2F61B64C00ABE14A /* Release */,
			);
			defaultConfigurationIsVisible = 0;
			defaultConfigurationName = Release;
		};
		3BA8D25F2F61B64C00ABE14A /* Build configuration list for PBXNativeTarget "AutoClicker" */ = {
			isa = XCConfigurationList;
			buildConfigurations = (
				3BA8D2602F61B64C00ABE14A /* Debug */,
				3BA8D2612F61B64C00ABE14A /* Release */,
			);
			defaultConfigurationIsVisible = 0;
			defaultConfigurationName = Release;
		};
		3BA8D2622F61B64C00ABE14A /* Build configuration list for PBXNativeTarget "AutoClickerTests" */ = {
			isa = XCConfigurationList;
			buildConfigurations = (
				3BA8D2632F61B64C00ABE14A /* Debug */,
				3BA8D2642F61B64C00ABE14A /* Release */,
			);
			defaultConfigurationIsVisible = 0;
			defaultConfigurationName = Release;
		};
		3BA8D2652F61B64C00ABE14A /* Build configuration list for PBXNativeTarget "AutoClickerUITests" */ = {
			isa = XCConfigurationList;
			buildConfigurations = (
				3BA8D2662F61B64C00ABE14A /* Debug */,
				3BA8D2672F61B64C00ABE14A /* Release */,
			);
			defaultConfigurationIsVisible = 0;
			defaultConfigurationName = Release;
		};
/* End XCConfigurationList section */
	};
	rootObject = 3BA8D2362F61B64A00ABE14A /* Project object */;
}
